
Microsoft Visual Studio Solution File, Format Version 12.00
# Visual Studio 15
VisualStudioVersion = 15.0.28307.539
MinimumVisualStudioVersion = 10.0.40219.1
Project("{FAE04EC0-301F-11D3-BF4B-00C04F79EFBC}") = "LiteDB.Wrapper", "LiteDB.Wrapper\LiteDB.Wrapper.csproj", "{80C49408-F2EE-405B-91D1-1854B84827FA}"
EndProject
Project("{FAE04EC0-301F-11D3-BF4B-00C04F79EFBC}") = "LiteDB.Wrapper.Test", "LiteDB.Wrapper.Test\LiteDB.Wrapper.Test.csproj", "{D96E9798-069B-4628-A8CF-D4FB8845CCFA}"
EndProject
Global
	GlobalSection(SolutionConfigurationPlatforms) = preSolution
		Debug|Any CPU = Debug|Any CPU
		Release|Any CPU = Release|Any CPU
	EndGlobalSection
	GlobalSection(ProjectConfigurationPlatforms) = postSolution
		{80C49408-F2EE-405B-91D1-1854B84827FA}.Debug|Any CPU.ActiveCfg = Debug|Any CPU
		{80C49408-F2EE-405B-91D1-1854B84827FA}.Debug|Any CPU.Build.0 = Debug|Any CPU
		{80C49408-F2EE-405B-91D1-1854B84827FA}.Release|Any CPU.ActiveCfg = Release|Any CPU
		{80C49408-F2EE-405B-91D1-1854B84827FA}.Release|Any CPU.Build.0 = Release|Any CPU
		{D96E9798-069B-4628-A8CF-D4FB8845CCFA}.Debug|Any CPU.ActiveCfg = Debug|Any CPU
		{D96E9798-069B-4628-A8CF-D4FB8845CCFA}.Debug|Any CPU.Build.0 = Debug|Any CPU
		{D96E9798-069B-4628-A8CF-D4FB8845CCFA}.Release|Any CPU.ActiveCfg = Release|Any CPU
		{D96E9798-069B-4628-A8CF-D4FB8845CCFA}.Release|Any CPU.Build.0 = Release|Any CPU
	EndGlobalSection
	GlobalSection(SolutionProperties) = preSolution
		HideSolutionNode = FALSE
	EndGlobalSection
	GlobalSection(ExtensibilityGlobals) = postSolution
		SolutionGuid = {EB56F4D4-3A38-4FF2-AAF3-1B68EC57FA16}
	EndGlobalSection
EndGlobal
